{
  "meteor": {},
  "dependencies": {
    "basePackages": {
      "bootstrap-3": {},
      "bootstrap-datepicker2": {
        "git": "https://github.com/choxi/meteor-bootstrap-datepicker",
        "branch": "master"
      },
      "moment": {}
    },
    "packages": {
      "bootstrap-3": {
        "git": "https://github.com/mangasocial/meteor-bootstrap-3.git",
        "tag": "v3.1.1-1",
        "commit": "63dd38968828bb8963636df93e9a1c45e2dfe67e"
      },
      "bootstrap-datepicker2": {
        "git": "https://github.com/choxi/meteor-bootstrap-datepicker",
        "branch": "master",
        "commit": "079f5ee0bd4a68c87af8df6f3c78429c25781f26"
      },
      "moment": {
        "git": "https://github.com/acreeger/meteor-moment.git",
        "tag": "v2.6.0",
        "commit": "26156df681750fd6e6ed77043eef32b6653ebbdf"
      }
    }
  }
}
